
Microsoft Visual Studio Solution File, Format Version 12.00
# Visual Studio Version 17
VisualStudioVersion = 17.8.34511.84
MinimumVisualStudioVersion = 10.0.40219.1
Project("{FAE04EC0-301F-11D3-BF4B-00C04F79EFBC}") = "sftpapplclientshree", "sftpapplclientshree\sftpapplclientshree.csproj", "{8CF2AE17-0654-48E0-AAC1-67C8CA514487}"
EndProject
Global
	GlobalSection(SolutionConfigurationPlatforms) = preSolution
		Debug|Any CPU = Debug|Any CPU
		Release|Any CPU = Release|Any CPU
	EndGlobalSection
	GlobalSection(ProjectConfigurationPlatforms) = postSolution
		{8CF2AE17-0654-48E0-AAC1-67C8CA514487}.Debug|Any CPU.ActiveCfg = Debug|Any CPU
		{8CF2AE17-0654-48E0-AAC1-67C8CA514487}.Debug|Any CPU.Build.0 = Debug|Any CPU
		{8CF2AE17-0654-48E0-AAC1-67C8CA514487}.Release|Any CPU.ActiveCfg = Release|Any CPU
		{8CF2AE17-0654-48E0-AAC1-67C8CA514487}.Release|Any CPU.Build.0 = Release|Any CPU
	EndGlobalSection
	GlobalSection(SolutionProperties) = preSolution
		HideSolutionNode = FALSE
	EndGlobalSection
	GlobalSection(ExtensibilityGlobals) = postSolution
		SolutionGuid = {392E3708-97A9-4F2F-97E5-D3DDE4571F13}
	EndGlobalSection
EndGlobal
